
Microsoft Visual Studio Solution File, Format Version 12.00
# Visual Studio 14
VisualStudioVersion = 14.0.23107.0
MinimumVisualStudioVersion = 10.0.40219.1
Project("{2150E333-8FDC-42A3-9474-1A3956D46DE8}") = "FRONTEND", "FRONTEND", "{DDC10300-7306-4216-ABD8-D123A0273DED}"
EndProject
Project("{2150E333-8FDC-42A3-9474-1A3956D46DE8}") = "CROSS", "CROSS", "{611CE214-300A-463E-9E2A-C56E92D74BED}"
EndProject
Project("{2150E333-8FDC-42A3-9474-1A3956D46DE8}") = "BACKEND", "BACKEND", "{807EF407-55BC-4C1A-AD15-00CFCFFF79FB}"
EndProject
Project("{2150E333-8FDC-42A3-9474-1A3956D46DE8}") = "DATA", "DATA", "{3205AB5D-7155-48F7-BB7C-FB517475329C}"
EndProject
Project("{2150E333-8FDC-42A3-9474-1A3956D46DE8}") = "PROCESS", "PROCESS", "{B92CEC1D-BB95-4770-960A-7AE6CBCB83E9}"
EndProject
Project("{FAE04EC0-301F-11D3-BF4B-00C04F79EFBC}") = "SGER.Modelo", "SGER.Modelo\SGER.Modelo.csproj", "{8E8AC503-B853-49FB-9B4C-8F9F38D98A01}"
EndProject
Project("{FAE04EC0-301F-11D3-BF4B-00C04F79EFBC}") = "SGER.Repositorio", "SGER.Repositorio\SGER.Repositorio.csproj", "{A0B3FF06-251D-4908-B14A-587376079154}"
EndProject
Project("{FAE04EC0-301F-11D3-BF4B-00C04F79EFBC}") = "SGER.LogicaNegocio", "SGER.LogicaNegocio\SGER.LogicaNegocio.csproj", "{DFD93AE0-7DA3-48F4-9F16-A30BD5540862}"
EndProject
Project("{FAE04EC0-301F-11D3-BF4B-00C04F79EFBC}") = "SGER.Entidades", "SGER.Entidades\SGER.Entidades.csproj", "{8C052F2F-FB00-4460-8792-0A2E7EF1C31F}"
EndProject
Project("{FAE04EC0-301F-11D3-BF4B-00C04F79EFBC}") = "SGER.Presentacion", "SGER.Presentacion\SGER.Presentacion.csproj", "{EE5C393B-5BC3-4BD6-BBAF-5251CF86F246}"
EndProject
Global
	GlobalSection(SolutionConfigurationPlatforms) = preSolution
		Debug|Any CPU = Debug|Any CPU
		Release|Any CPU = Release|Any CPU
	EndGlobalSection
	GlobalSection(ProjectConfigurationPlatforms) = postSolution
		{8E8AC503-B853-49FB-9B4C-8F9F38D98A01}.Debug|Any CPU.ActiveCfg = Debug|Any CPU
		{8E8AC503-B853-49FB-9B4C-8F9F38D98A01}.Debug|Any CPU.Build.0 = Debug|Any CPU
		{8E8AC503-B853-49FB-9B4C-8F9F38D98A01}.Release|Any CPU.ActiveCfg = Release|Any CPU
		{8E8AC503-B853-49FB-9B4C-8F9F38D98A01}.Release|Any CPU.Build.0 = Release|Any CPU
		{A0B3FF06-251D-4908-B14A-587376079154}.Debug|Any CPU.ActiveCfg = Debug|Any CPU
		{A0B3FF06-251D-4908-B14A-587376079154}.Debug|Any CPU.Build.0 = Debug|Any CPU
		{A0B3FF06-251D-4908-B14A-587376079154}.Release|Any CPU.ActiveCfg = Release|Any CPU
		{A0B3FF06-251D-4908-B14A-587376079154}.Release|Any CPU.Build.0 = Release|Any CPU
		{DFD93AE0-7DA3-48F4-9F16-A30BD5540862}.Debug|Any CPU.ActiveCfg = Debug|Any CPU
		{DFD93AE0-7DA3-48F4-9F16-A30BD5540862}.Debug|Any CPU.Build.0 = Debug|Any CPU
		{DFD93AE0-7DA3-48F4-9F16-A30BD5540862}.Release|Any CPU.ActiveCfg = Release|Any CPU
		{DFD93AE0-7DA3-48F4-9F16-A30BD5540862}.Release|Any CPU.Build.0 = Release|Any CPU
		{8C052F2F-FB00-4460-8792-0A2E7EF1C31F}.Debug|Any CPU.ActiveCfg = Debug|Any CPU
		{8C052F2F-FB00-4460-8792-0A2E7EF1C31F}.Debug|Any CPU.Build.0 = Debug|Any CPU
		{8C052F2F-FB00-4460-8792-0A2E7EF1C31F}.Release|Any CPU.ActiveCfg = Release|Any CPU
		{8C052F2F-FB00-4460-8792-0A2E7EF1C31F}.Release|Any CPU.Build.0 = Release|Any CPU
		{EE5C393B-5BC3-4BD6-BBAF-5251CF86F246}.Debug|Any CPU.ActiveCfg = Debug|Any CPU
		{EE5C393B-5BC3-4BD6-BBAF-5251CF86F246}.Debug|Any CPU.Build.0 = Debug|Any CPU
		{EE5C393B-5BC3-4BD6-BBAF-5251CF86F246}.Release|Any CPU.ActiveCfg = Release|Any CPU
		{EE5C393B-5BC3-4BD6-BBAF-5251CF86F246}.Release|Any CPU.Build.0 = Release|Any CPU
	EndGlobalSection
	GlobalSection(SolutionProperties) = preSolution
		HideSolutionNode = FALSE
	EndGlobalSection
	GlobalSection(NestedProjects) = preSolution
		{3205AB5D-7155-48F7-BB7C-FB517475329C} = {807EF407-55BC-4C1A-AD15-00CFCFFF79FB}
		{B92CEC1D-BB95-4770-960A-7AE6CBCB83E9} = {807EF407-55BC-4C1A-AD15-00CFCFFF79FB}
		{8E8AC503-B853-49FB-9B4C-8F9F38D98A01} = {3205AB5D-7155-48F7-BB7C-FB517475329C}
		{A0B3FF06-251D-4908-B14A-587376079154} = {3205AB5D-7155-48F7-BB7C-FB517475329C}
		{DFD93AE0-7DA3-48F4-9F16-A30BD5540862} = {B92CEC1D-BB95-4770-960A-7AE6CBCB83E9}
		{8C052F2F-FB00-4460-8792-0A2E7EF1C31F} = {611CE214-300A-463E-9E2A-C56E92D74BED}
		{EE5C393B-5BC3-4BD6-BBAF-5251CF86F246} = {DDC10300-7306-4216-ABD8-D123A0273DED}
	EndGlobalSection
	GlobalSection(ExtensibilityGlobals) = postSolution
		SolutionGuid = {D9E9E0C5-B112-4B96-A56C-7FA65B163681}
	EndGlobalSection
EndGlobal
